// !$*UTF8*$!
{
	archiveVersion = 1;
	classes = {
	};
	objectVersion = 48;
	objects = {

/* Begin PBXBuildFile section */
		ABD64F1B2845376A142E0D0E /* Pods_DNTableViewComponent.framework in Frameworks */ = {isa = PBXBuildFile; fileRef = 1ACA0EDE808BDE0E05DDA60C /* Pods_DNTableViewComponent.framework */; };
		BF96821E20649E6F0047AEC1 /* AppDelegate.m in Sources */ = {isa = PBXBuildFile; fileRef = BF96821D20649E6F0047AEC1 /* AppDelegate.m */; };
		BF96822120649E6F0047AEC1 /* ViewController.m in Sources */ = {isa = PBXBuildFile; fileRef = BF96822020649E6F0047AEC1 /* ViewController.m */; };
		BF96822420649E6F0047AEC1 /* Main.storyboard in Resources */ = {isa = PBXBuildFile; fileRef = BF96822220649E6F0047AEC1 /* Main.storyboard */; };
		BF96822620649E6F0047AEC1 /* Assets.xcassets in Resources */ = {isa = PBXBuildFile; fileRef = BF96822520649E6F0047AEC1 /* Assets.xcassets */; };
		BF96822920649E6F0047AEC1 /* LaunchScreen.storyboard in Resources */ = {isa = PBXBuildFile; fileRef = BF96822720649E6F0047AEC1 /* LaunchScreen.storyboard */; };
		BF96822C20649E6F0047AEC1 /* main.m in Sources */ = {isa = PBXBuildFile; fileRef = BF96822B20649E6F0047AEC1 /* main.m */; };
		BF96823520649F030047AEC1 /* DNTitleComponentView.m in Sources */ = {isa = PBXBuildFile; fileRef = BF96823420649F030047AEC1 /* DNTitleComponentView.m */; };
		BF9682382064A1120047AEC1 /* DNSubVCContainerView.m in Sources */ = {isa = PBXBuildFile; fileRef = BF9682372064A1120047AEC1 /* DNSubVCContainerView.m */; };
		BF96823B2064A2730047AEC1 /* DNBaseTableView.m in Sources */ = {isa = PBXBuildFile; fileRef = BF96823A2064A2730047AEC1 /* DNBaseTableView.m */; };
		BF9682402064A6240047AEC1 /* DNBottomTableViewCell.m in Sources */ = {isa = PBXBuildFile; fileRef = BF96823E2064A6240047AEC1 /* DNBottomTableViewCell.m */; };
		BF9682412064A6240047AEC1 /* DNBottomTableViewCell.xib in Resources */ = {isa = PBXBuildFile; fileRef = BF96823F2064A6240047AEC1 /* DNBottomTableViewCell.xib */; };
		BF9682452064A6A20047AEC1 /* DNSubItemContentVC.m in Sources */ = {isa = PBXBuildFile; fileRef = BF9682432064A6A20047AEC1 /* DNSubItemContentVC.m */; };
		BF9682462064A6A20047AEC1 /* DNSubItemContentVC.xib in Resources */ = {isa = PBXBuildFile; fileRef = BF9682442064A6A20047AEC1 /* DNSubItemContentVC.xib */; };
		BF96824A2064A7560047AEC1 /* DNDemoTableViewCell.m in Sources */ = {isa = PBXBuildFile; fileRef = BF9682482064A7560047AEC1 /* DNDemoTableViewCell.m */; };
		BF96824B2064A7560047AEC1 /* DNDemoTableViewCell.xib in Resources */ = {isa = PBXBuildFile; fileRef = BF9682492064A7560047AEC1 /* DNDemoTableViewCell.xib */; };
		BF96824F2064AB930047AEC1 /* DNDemoTableViewCellTWO.m in Sources */ = {isa = PBXBuildFile; fileRef = BF96824D2064AB930047AEC1 /* DNDemoTableViewCellTWO.m */; };
		BF9682502064AB930047AEC1 /* DNDemoTableViewCellTWO.xib in Resources */ = {isa = PBXBuildFile; fileRef = BF96824E2064AB930047AEC1 /* DNDemoTableViewCellTWO.xib */; };
		BF9682542064C3300047AEC1 /* 2018-03-23 13_04_37.gif in Resources */ = {isa = PBXBuildFile; fileRef = BF9682532064C3300047AEC1 /* 2018-03-23 13_04_37.gif */; };
/* End PBXBuildFile section */

/* Begin PBXFileReference section */
		1ACA0EDE808BDE0E05DDA60C /* Pods_DNTableViewComponent.framework */ = {isa = PBXFileReference; explicitFileType = wrapper.framework; includeInIndex = 0; path = Pods_DNTableViewComponent.framework; sourceTree = BUILT_PRODUCTS_DIR; };
		476F3800DBD938DFD0432435 /* Pods-DNTableViewComponent.debug.xcconfig */ = {isa = PBXFileReference; includeInIndex = 1; lastKnownFileType = text.xcconfig; name = "Pods-DNTableViewComponent.debug.xcconfig"; path = "Pods/Target Support Files/Pods-DNTableViewComponent/Pods-DNTableViewComponent.debug.xcconfig"; sourceTree = "<group>"; };
		BF96821920649E6F0047AEC1 /* DNTableViewComponent.app */ = {isa = PBXFileReference; explicitFileType = wrapper.application; includeInIndex = 0; path = DNTableViewComponent.app; sourceTree = BUILT_PRODUCTS_DIR; };
		BF96821C20649E6F0047AEC1 /* AppDelegate.h */ = {isa = PBXFileReference; lastKnownFileType = sourcecode.c.h; path = AppDelegate.h; sourceTree = "<group>"; };
		BF96821D20649E6F0047AEC1 /* AppDelegate.m */ = {isa = PBXFileReference; lastKnownFileType = sourcecode.c.objc; path = AppDelegate.m; sourceTree = "<group>"; };
		BF96821F20649E6F0047AEC1 /* ViewController.h */ = {isa = PBXFileReference; lastKnownFileType = sourcecode.c.h; path = ViewController.h; sourceTree = "<group>"; };
		BF96822020649E6F0047AEC1 /* ViewController.m */ = {isa = PBXFileReference; lastKnownFileType = sourcecode.c.objc; path = ViewController.m; sourceTree = "<group>"; };
		BF96822320649E6F0047AEC1 /* Base */ = {isa = PBXFileReference; lastKnownFileType = file.storyboard; name = Base; path = Base.lproj/Main.storyboard; sourceTree = "<group>"; };
		BF96822520649E6F0047AEC1 /* Assets.xcassets */ = {isa = PBXFileReference; lastKnownFileType = folder.assetcatalog; path = Assets.xcassets; sourceTree = "<group>"; };
		BF96822820649E6F0047AEC1 /* Base */ = {isa = PBXFileReference; lastKnownFileType = file.storyboard; name = Base; path = Base.lproj/LaunchScreen.storyboard; sourceTree = "<group>"; };
		BF96822A20649E6F0047AEC1 /* Info.plist */ = {isa = PBXFileReference; lastKnownFileType = text.plist.xml; path = Info.plist; sourceTree = "<group>"; };
		BF96822B20649E6F0047AEC1 /* main.m */ = {isa = PBXFileReference; lastKnownFileType = sourcecode.c.objc; path = main.m; sourceTree = "<group>"; };
		BF96823320649F030047AEC1 /* DNTitleComponentView.h */ = {isa = PBXFileReference; lastKnownFileType = sourcecode.c.h; path = DNTitleComponentView.h; sourceTree = "<group>"; };
		BF96823420649F030047AEC1 /* DNTitleComponentView.m */ = {isa = PBXFileReference; lastKnownFileType = sourcecode.c.objc; path = DNTitleComponentView.m; sourceTree = "<group>"; };
		BF9682362064A1120047AEC1 /* DNSubVCContainerView.h */ = {isa = PBXFileReference; lastKnownFileType = sourcecode.c.h; path = DNSubVCContainerView.h; sourceTree = "<group>"; };
		BF9682372064A1120047AEC1 /* DNSubVCContainerView.m */ = {isa = PBXFileReference; lastKnownFileType = sourcecode.c.objc; path = DNSubVCContainerView.m; sourceTree = "<group>"; };
		BF9682392064A2730047AEC1 /* DNBaseTableView.h */ = {isa = PBXFileReference; lastKnownFileType = sourcecode.c.h; path = DNBaseTableView.h; sourceTree = "<group>"; };
		BF96823A2064A2730047AEC1 /* DNBaseTableView.m */ = {isa = PBXFileReference; lastKnownFileType = sourcecode.c.objc; path = DNBaseTableView.m; sourceTree = "<group>"; };
		BF96823C2064A4930047AEC1 /* DNTableViewComponent.pch */ = {isa = PBXFileReference; lastKnownFileType = sourcecode.c.h; path = DNTableViewComponent.pch; sourceTree = "<group>"; };
		BF96823D2064A6240047AEC1 /* DNBottomTableViewCell.h */ = {isa = PBXFileReference; lastKnownFileType = sourcecode.c.h; path = DNBottomTableViewCell.h; sourceTree = "<group>"; };
		BF96823E2064A6240047AEC1 /* DNBottomTableViewCell.m */ = {isa = PBXFileReference; lastKnownFileType = sourcecode.c.objc; path = DNBottomTableViewCell.m; sourceTree = "<group>"; };
		BF96823F2064A6240047AEC1 /* DNBottomTableViewCell.xib */ = {isa = PBXFileReference; lastKnownFileType = file.xib; path = DNBottomTableViewCell.xib; sourceTree = "<group>"; };
		BF9682422064A6A20047AEC1 /* DNSubItemContentVC.h */ = {isa = PBXFileReference; lastKnownFileType = sourcecode.c.h; path = DNSubItemContentVC.h; sourceTree = "<group>"; };
		BF9682432064A6A20047AEC1 /* DNSubItemContentVC.m */ = {isa = PBXFileReference; lastKnownFileType = sourcecode.c.objc; path = DNSubItemContentVC.m; sourceTree = "<group>"; };
		BF9682442064A6A20047AEC1 /* DNSubItemContentVC.xib */ = {isa = PBXFileReference; lastKnownFileType = file.xib; path = DNSubItemContentVC.xib; sourceTree = "<group>"; };
		BF9682472064A7560047AEC1 /* DNDemoTableViewCell.h */ = {isa = PBXFileReference; lastKnownFileType = sourcecode.c.h; path = DNDemoTableViewCell.h; sourceTree = "<group>"; };
		BF9682482064A7560047AEC1 /* DNDemoTableViewCell.m */ = {isa = PBXFileReference; lastKnownFileType = sourcecode.c.objc; path = DNDemoTableViewCell.m; sourceTree = "<group>"; };
		BF9682492064A7560047AEC1 /* DNDemoTableViewCell.xib */ = {isa = PBXFileReference; lastKnownFileType = file.xib; path = DNDemoTableViewCell.xib; sourceTree = "<group>"; };
		BF96824C2064AB930047AEC1 /* DNDemoTableViewCellTWO.h */ = {isa = PBXFileReference; lastKnownFileType = sourcecode.c.h; path = DNDemoTableViewCellTWO.h; sourceTree = "<group>"; };
		BF96824D2064AB930047AEC1 /* DNDemoTableViewCellTWO.m */ = {isa = PBXFileReference; lastKnownFileType = sourcecode.c.objc; path = DNDemoTableViewCellTWO.m; sourceTree = "<group>"; };
		BF96824E2064AB930047AEC1 /* DNDemoTableViewCellTWO.xib */ = {isa = PBXFileReference; lastKnownFileType = file.xib; path = DNDemoTableViewCellTWO.xib; sourceTree = "<group>"; };
		BF9682532064C3300047AEC1 /* 2018-03-23 13_04_37.gif */ = {isa = PBXFileReference; lastKnownFileType = image.gif; path = "2018-03-23 13_04_37.gif"; sourceTree = "<group>"; };
		E8B74500A0FBB180D00D2147 /* Pods-DNTableViewComponent.release.xcconfig */ = {isa = PBXFileReference; includeInIndex = 1; lastKnownFileType = text.xcconfig; name = "Pods-DNTableViewComponent.release.xcconfig"; path = "Pods/Target Support Files/Pods-DNTableViewComponent/Pods-DNTableViewComponent.release.xcconfig"; sourceTree = "<group>"; };
/* End PBXFileReference section */

/* Begin PBXFrameworksBuildPhase section */
		BF96821620649E6F0047AEC1 /* Frameworks */ = {
			isa = PBXFrameworksBuildPhase;
			buildActionMask = 2147483647;
			files = (
				ABD64F1B2845376A142E0D0E /* Pods_DNTableViewComponent.framework in Frameworks */,
			);
			runOnlyForDeploymentPostprocessing = 0;
		};
/* End PBXFrameworksBuildPhase section */

/* Begin PBXGroup section */
		1F2746816660825C41EE807F /* Pods */ = {
			isa = PBXGroup;
			children = (
				476F3800DBD938DFD0432435 /* Pods-DNTableViewComponent.debug.xcconfig */,
				E8B74500A0FBB180D00D2147 /* Pods-DNTableViewComponent.release.xcconfig */,
			);
			name = Pods;
			sourceTree = "<group>";
		};
		48626B0009BAA59E66FC99BA /* Frameworks */ = {
			isa = PBXGroup;
			children = (
				1ACA0EDE808BDE0E05DDA60C /* Pods_DNTableViewComponent.framework */,
			);
			name = Frameworks;
			sourceTree = "<group>";
		};
		BF96821020649E6F0047AEC1 = {
			isa = PBXGroup;
			children = (
				BF96821B20649E6F0047AEC1 /* DNTableViewComponent */,
				BF96821A20649E6F0047AEC1 /* Products */,
				1F2746816660825C41EE807F /* Pods */,
				48626B0009BAA59E66FC99BA /* Frameworks */,
			);
			sourceTree = "<group>";
		};
		BF96821A20649E6F0047AEC1 /* Products */ = {
			isa = PBXGroup;
			children = (
				BF96821920649E6F0047AEC1 /* DNTableViewComponent.app */,
			);
			name = Products;
			sourceTree = "<group>";
		};
		BF96821B20649E6F0047AEC1 /* DNTableViewComponent */ = {
			isa = PBXGroup;
			children = (
				BF96823220649EC60047AEC1 /* ShareUI */,
				BF96821C20649E6F0047AEC1 /* AppDelegate.h */,
				BF96821D20649E6F0047AEC1 /* AppDelegate.m */,
				BF96821F20649E6F0047AEC1 /* ViewController.h */,
				BF96822020649E6F0047AEC1 /* ViewController.m */,
				BF96823D2064A6240047AEC1 /* DNBottomTableViewCell.h */,
				BF96823E2064A6240047AEC1 /* DNBottomTableViewCell.m */,
				BF96823F2064A6240047AEC1 /* DNBottomTableViewCell.xib */,
				BF9682422064A6A20047AEC1 /* DNSubItemContentVC.h */,
				BF9682432064A6A20047AEC1 /* DNSubItemContentVC.m */,
				BF9682442064A6A20047AEC1 /* DNSubItemContentVC.xib */,
				BF9682472064A7560047AEC1 /* DNDemoTableViewCell.h */,
				BF9682482064A7560047AEC1 /* DNDemoTableViewCell.m */,
				BF9682492064A7560047AEC1 /* DNDemoTableViewCell.xib */,
				BF96824C2064AB930047AEC1 /* DNDemoTableViewCellTWO.h */,
				BF96824D2064AB930047AEC1 /* DNDemoTableViewCellTWO.m */,
				BF96824E2064AB930047AEC1 /* DNDemoTableViewCellTWO.xib */,
				BF96822220649E6F0047AEC1 /* Main.storyboard */,
				BF96822520649E6F0047AEC1 /* Assets.xcassets */,
				BF96822720649E6F0047AEC1 /* LaunchScreen.storyboard */,
				BF96822A20649E6F0047AEC1 /* Info.plist */,
				BF96822B20649E6F0047AEC1 /* main.m */,
				BF96823C2064A4930047AEC1 /* DNTableViewComponent.pch */,
				BF9682532064C3300047AEC1 /* 2018-03-23 13_04_37.gif */,
			);
			path = DNTableViewComponent;
			sourceTree = "<group>";
		};
		BF96823220649EC60047AEC1 /* ShareUI */ = {
			isa = PBXGroup;
			children = (
				BF96823320649F030047AEC1 /* DNTitleComponentView.h */,
				BF96823420649F030047AEC1 /* DNTitleComponentView.m */,
				BF9682362064A1120047AEC1 /* DNSubVCContainerView.h */,
				BF9682372064A1120047AEC1 /* DNSubVCContainerView.m */,
				BF9682392064A2730047AEC1 /* DNBaseTableView.h */,
				BF96823A2064A2730047AEC1 /* DNBaseTableView.m */,
			);
			name = ShareUI;
			path = Lib/ShareUI;
			sourceTree = "<group>";
		};
/* End PBXGroup section */

/* Begin PBXNativeTarget section */
		BF96821820649E6F0047AEC1 /* DNTableViewComponent */ = {
			isa = PBXNativeTarget;
			buildConfigurationList = BF96822F20649E6F0047AEC1 /* Build configuration list for PBXNativeTarget "DNTableViewComponent" */;
			buildPhases = (
				44178BAA00B52821E4E4AFBB /* [CP] Check Pods Manifest.lock */,
				BF96821520649E6F0047AEC1 /* Sources */,
				BF96821620649E6F0047AEC1 /* Frameworks */,
				BF96821720649E6F0047AEC1 /* Resources */,
				BB8F8A8803297BD0C791BA6B /* [CP] Embed Pods Frameworks */,
				00D9347CCCF962E08F0E8528 /* [CP] Copy Pods Resources */,
			);
			buildRules = (
			);
			dependencies = (
			);
			name = DNTableViewComponent;
			productName = DNTableViewComponent;
			productReference = BF96821920649E6F0047AEC1 /* DNTableViewComponent.app */;
			productType = "com.apple.product-type.application";
		};
/* End PBXNativeTarget section */

/* Begin PBXProject section */
		BF96821120649E6F0047AEC1 /* Project object */ = {
			isa = PBXProject;
			attributes = {
				LastUpgradeCheck = 0920;
				ORGANIZATIONNAME = hushuaike;
				TargetAttributes = {
					BF96821820649E6F0047AEC1 = {
						CreatedOnToolsVersion = 9.2;
						ProvisioningStyle = Automatic;
					};
				};
			};
			buildConfigurationList = BF96821420649E6F0047AEC1 /* Build configuration list for PBXProject "DNTableViewComponent" */;
			compatibilityVersion = "Xcode 8.0";
			developmentRegion = en;
			hasScannedForEncodings = 0;
			knownRegions = (
				en,
				Base,
			);
			mainGroup = BF96821020649E6F0047AEC1;
			productRefGroup = BF96821A20649E6F0047AEC1 /* Products */;
			projectDirPath = "";
			projectRoot = "";
			targets = (
				BF96821820649E6F0047AEC1 /* DNTableViewComponent */,
			);
		};
/* End PBXProject section */

/* Begin PBXResourcesBuildPhase section */
		BF96821720649E6F0047AEC1 /* Resources */ = {
			isa = PBXResourcesBuildPhase;
			buildActionMask = 2147483647;
			files = (
				BF9682542064C3300047AEC1 /* 2018-03-23 13_04_37.gif in Resources */,
				BF9682412064A6240047AEC1 /* DNBottomTableViewCell.xib in Resources */,
				BF9682462064A6A20047AEC1 /* DNSubItemContentVC.xib in Resources */,
				BF96822920649E6F0047AEC1 /* LaunchScreen.storyboard in Resources */,
				BF9682502064AB930047AEC1 /* DNDemoTableViewCellTWO.xib in Resources */,
				BF96822620649E6F0047AEC1 /* Assets.xcassets in Resources */,
				BF96824B2064A7560047AEC1 /* DNDemoTableViewCell.xib in Resources */,
				BF96822420649E6F0047AEC1 /* Main.storyboard in Resources */,
			);
			runOnlyForDeploymentPostprocessing = 0;
		};
/* End PBXResourcesBuildPhase section */

/* Begin PBXShellScriptBuildPhase section */
		00D9347CCCF962E08F0E8528 /* [CP] Copy Pods Resources */ = {
			isa = PBXShellScriptBuildPhase;
			buildActionMask = 2147483647;
			files = (
			);
			inputPaths = (
			);
			name = "[CP] Copy Pods Resources";
			outputPaths = (
			);
			runOnlyForDeploymentPostprocessing = 0;
			shellPath = /bin/sh;
			shellScript = "\"${SRCROOT}/Pods/Target Support Files/Pods-DNTableViewComponent/Pods-DNTableViewComponent-resources.sh\"\n";
			showEnvVarsInLog = 0;
		};
		44178BAA00B52821E4E4AFBB /* [CP] Check Pods Manifest.lock */ = {
			isa = PBXShellScriptBuildPhase;
			buildActionMask = 2147483647;
			files = (
			);
			inputPaths = (
				"${PODS_PODFILE_DIR_PATH}/Podfile.lock",
				"${PODS_ROOT}/Manifest.lock",
			);
			name = "[CP] Check Pods Manifest.lock";
			outputPaths = (
				"$(DERIVED_FILE_DIR)/Pods-DNTableViewComponent-checkManifestLockResult.txt",
			);
			runOnlyForDeploymentPostprocessing = 0;
			shellPath = /bin/sh;
			shellScript = "diff \"${PODS_PODFILE_DIR_PATH}/Podfile.lock\" \"${PODS_ROOT}/Manifest.lock\" > /dev/null\nif [ $? != 0 ] ; then\n    # print error to STDERR\n    echo \"error: The sandbox is not in sync with the Podfile.lock. Run 'pod install' or update your CocoaPods installation.\" >&2\n    exit 1\nfi\n# This output is used by Xcode 'outputs' to avoid re-running this script phase.\necho \"SUCCESS\" > \"${SCRIPT_OUTPUT_FILE_0}\"\n";
			showEnvVarsInLog = 0;
		};
		BB8F8A8803297BD0C791BA6B /* [CP] Embed Pods Frameworks */ = {
			isa = PBXShellScriptBuildPhase;
			buildActionMask = 2147483647;
			files = (
			);
			inputPaths = (
				"${SRCROOT}/Pods/Target Support Files/Pods-DNTableViewComponent/Pods-DNTableViewComponent-frameworks.sh",
				"${BUILT_PRODUCTS_DIR}/MJRefresh/MJRefresh.framework",
			);
			name = "[CP] Embed Pods Frameworks";
			outputPaths = (
				"${TARGET_BUILD_DIR}/${FRAMEWORKS_FOLDER_PATH}/MJRefresh.framework",
			);
			runOnlyForDeploymentPostprocessing = 0;
			shellPath = /bin/sh;
			shellScript = "\"${SRCROOT}/Pods/Target Support Files/Pods-DNTableViewComponent/Pods-DNTableViewComponent-frameworks.sh\"\n";
			showEnvVarsInLog = 0;
		};
/* End PBXShellScriptBuildPhase section */

/* Begin PBXSourcesBuildPhase section */
		BF96821520649E6F0047AEC1 /* Sources */ = {
			isa = PBXSourcesBuildPhase;
			buildActionMask = 2147483647;
			files = (
				BF96822120649E6F0047AEC1 /* ViewController.m in Sources */,
				BF9682402064A6240047AEC1 /* DNBottomTableViewCell.m in Sources */,
				BF96824A2064A7560047AEC1 /* DNDemoTableViewCell.m in Sources */,
				BF96824F2064AB930047AEC1 /* DNDemoTableViewCellTWO.m in Sources */,
				BF96822C20649E6F0047AEC1 /* main.m in Sources */,
				BF96823B2064A2730047AEC1 /* DNBaseTableView.m in Sources */,
				BF96821E20649E6F0047AEC1 /* AppDelegate.m in Sources */,
				BF9682382064A1120047AEC1 /* DNSubVCContainerView.m in Sources */,
				BF9682452064A6A20047AEC1 /* DNSubItemContentVC.m in Sources */,
				BF96823520649F030047AEC1 /* DNTitleComponentView.m in Sources */,
			);
			runOnlyForDeploymentPostprocessing = 0;
		};
/* End PBXSourcesBuildPhase section */

/* Begin PBXVariantGroup section */
		BF96822220649E6F0047AEC1 /* Main.storyboard */ = {
			isa = PBXVariantGroup;
			children = (
				BF96822320649E6F0047AEC1 /* Base */,
			);
			name = Main.storyboard;
			sourceTree = "<group>";
		};
		BF96822720649E6F0047AEC1 /* LaunchScreen.storyboard */ = {
			isa = PBXVariantGroup;
			children = (
				BF96822820649E6F0047AEC1 /* Base */,
			);
			name = LaunchScreen.storyboard;
			sourceTree = "<group>";
		};
/* End PBXVariantGroup section */

/* Begin XCBuildConfiguration section */
		BF96822D20649E6F0047AEC1 /* Debug */ = {
			isa = XCBuildConfiguration;
			buildSettings = {
				ALWAYS_SEARCH_USER_PATHS = NO;
				CLANG_ANALYZER_NONNULL = YES;
				CLANG_ANALYZER_NUMBER_OBJECT_CONVERSION = YES_AGGRESSIVE;
				CLANG_CXX_LANGUAGE_STANDARD = "gnu++14";
				CLANG_CXX_LIBRARY = "libc++";
				CLANG_ENABLE_MODULES = YES;
				CLANG_ENABLE_OBJC_ARC = YES;
				CLANG_WARN_BLOCK_CAPTURE_AUTORELEASING = YES;
				CLANG_WARN_BOOL_CONVERSION = YES;
				CLANG_WARN_COMMA = YES;
				CLANG_WARN_CONSTANT_CONVERSION = YES;
				CLANG_WARN_DIRECT_OBJC_ISA_USAGE = YES_ERROR;
				CLANG_WARN_DOCUMENTATION_COMMENTS = YES;
				CLANG_WARN_EMPTY_BODY = YES;
				CLANG_WARN_ENUM_CONVERSION = YES;
				CLANG_WARN_INFINITE_RECURSION = YES;
				CLANG_WARN_INT_CONVERSION = YES;
				CLANG_WARN_NON_LITERAL_NULL_CONVERSION = YES;
				CLANG_WARN_OBJC_LITERAL_CONVERSION = YES;
				CLANG_WARN_OBJC_ROOT_CLASS = YES_ERROR;
				CLANG_WARN_RANGE_LOOP_ANALYSIS = YES;
				CLANG_WARN_STRICT_PROTOTYPES = YES;
				CLANG_WARN_SUSPICIOUS_MOVE = YES;
				CLANG_WARN_UNGUARDED_AVAILABILITY = YES_AGGRESSIVE;
				CLANG_WARN_UNREACHABLE_CODE = YES;
				CLANG_WARN__DUPLICATE_METHOD_MATCH = YES;
				CODE_SIGN_IDENTITY = "iPhone Developer";
				COPY_PHASE_STRIP = NO;
				DEBUG_INFORMATION_FORMAT = dwarf;
				ENABLE_STRICT_OBJC_MSGSEND = YES;
				ENABLE_TESTABILITY = YES;
				GCC_C_LANGUAGE_STANDARD = gnu11;
				GCC_DYNAMIC_NO_PIC = NO;
				GCC_NO_COMMON_BLOCKS = YES;
				GCC_OPTIMIZATION_LEVEL = 0;
				GCC_PREPROCESSOR_DEFINITIONS = (
					"DEBUG=1",
					"$(inherited)",
				);
				GCC_WARN_64_TO_32_BIT_CONVERSION = YES;
				GCC_WARN_ABOUT_RETURN_TYPE = YES_ERROR;
				GCC_WARN_UNDECLARED_SELECTOR = YES;
				GCC_WARN_UNINITIALIZED_AUTOS = YES_AGGRESSIVE;
				GCC_WARN_UNUSED_FUNCTION = YES;
				GCC_WARN_UNUSED_VARIABLE = YES;
				IPHONEOS_DEPLOYMENT_TARGET = 11.2;
				MTL_ENABLE_DEBUG_INFO = YES;
				ONLY_ACTIVE_ARCH = YES;
				SDKROOT = iphoneos;
			};
			name = Debug;
		};
		BF96822E20649E6F0047AEC1 /* Release */ = {
			isa = XCBuildConfiguration;
			buildSettings = {
				ALWAYS_SEARCH_USER_PATHS = NO;
				CLANG_ANALYZER_NONNULL = YES;
				CLANG_ANALYZER_NUMBER_OBJECT_CONVERSION = YES_AGGRESSIVE;
				CLANG_CXX_LANGUAGE_STANDARD = "gnu++14";
				CLANG_CXX_LIBRARY = "libc++";
				CLANG_ENABLE_MODULES = YES;
				CLANG_ENABLE_OBJC_ARC = YES;
				CLANG_WARN_BLOCK_CAPTURE_AUTORELEASING = YES;
				CLANG_WARN_BOOL_CONVERSION = YES;
				CLANG_WARN_COMMA = YES;
				CLANG_WARN_CONSTANT_CONVERSION = YES;
				CLANG_WARN_DIRECT_OBJC_ISA_USAGE = YES_ERROR;
				CLANG_WARN_DOCUMENTATION_COMMENTS = YES;
				CLANG_WARN_EMPTY_BODY = YES;
				CLANG_WARN_ENUM_CONVERSION = YES;
				CLANG_WARN_INFINITE_RECURSION = YES;
				CLANG_WARN_INT_CONVERSION = YES;
				CLANG_WARN_NON_LITERAL_NULL_CONVERSION = YES;
				CLANG_WARN_OBJC_LITERAL_CONVERSION = YES;
				CLANG_WARN_OBJC_ROOT_CLASS = YES_ERROR;
				CLANG_WARN_RANGE_LOOP_ANALYSIS = YES;
				CLANG_WARN_STRICT_PROTOTYPES = YES;
				CLANG_WARN_SUSPICIOUS_MOVE = YES;
				CLANG_WARN_UNGUARDED_AVAILABILITY = YES_AGGRESSIVE;
				CLANG_WARN_UNREACHABLE_CODE = YES;
				CLANG_WARN__DUPLICATE_METHOD_MATCH = YES;
				CODE_SIGN_IDENTITY = "iPhone Developer";
				COPY_PHASE_STRIP = NO;
				DEBUG_INFORMATION_FORMAT = "dwarf-with-dsym";
				ENABLE_NS_ASSERTIONS = NO;
				ENABLE_STRICT_OBJC_MSGSEND = YES;
				GCC_C_LANGUAGE_STANDARD = gnu11;
				GCC_NO_COMMON_BLOCKS = YES;
				GCC_WARN_64_TO_32_BIT_CONVERSION = YES;
				GCC_WARN_ABOUT_RETURN_TYPE = YES_ERROR;
				GCC_WARN_UNDECLARED_SELECTOR = YES;
				GCC_WARN_UNINITIALIZED_AUTOS = YES_AGGRESSIVE;
				GCC_WARN_UNUSED_FUNCTION = YES;
				GCC_WARN_UNUSED_VARIABLE = YES;
				IPHONEOS_DEPLOYMENT_TARGET = 11.2;
				MTL_ENABLE_DEBUG_INFO = NO;
				SDKROOT = iphoneos;
				VALIDATE_PRODUCT = YES;
			};
			name = Release;
		};
		BF96823020649E6F0047AEC1 /* Debug */ = {
			isa = XCBuildConfiguration;
			baseConfigurationReference = 476F3800DBD938DFD0432435 /* Pods-DNTableViewComponent.debug.xcconfig */;
			buildSettings = {
				ASSETCATALOG_COMPILER_APPICON_NAME = AppIcon;
				CODE_SIGN_STYLE = Automatic;
				DEVELOPMENT_TEAM = Z4537P87NS;
				GCC_PRECOMPILE_PREFIX_HEADER = NO;
				GCC_PREFIX_HEADER = DNTableViewComponent/DNTableViewComponent.pch;
				INFOPLIST_FILE = DNTableViewComponent/Info.plist;
				IPHONEOS_DEPLOYMENT_TARGET = 8.0;
				LD_RUNPATH_SEARCH_PATHS = "$(inherited) @executable_path/Frameworks";
				PRODUCT_BUNDLE_IDENTIFIER = com.mamasay.DNTableViewComponent;
				PRODUCT_NAME = "$(TARGET_NAME)";
				TARGETED_DEVICE_FAMILY = 1;
			};
			name = Debug;
		};
		BF96823120649E6F0047AEC1 /* Release */ = {
			isa = XCBuildConfiguration;
			baseConfigurationReference = E8B74500A0FBB180D00D2147 /* Pods-DNTableViewComponent.release.xcconfig */;
			buildSettings = {
				ASSETCATALOG_COMPILER_APPICON_NAME = AppIcon;
				CODE_SIGN_STYLE = Automatic;
				DEVELOPMENT_TEAM = Z4537P87NS;
				GCC_PRECOMPILE_PREFIX_HEADER = NO;
				GCC_PREFIX_HEADER = DNTableViewComponent/DNTableViewComponent.pch;
				INFOPLIST_FILE = DNTableViewComponent/Info.plist;
				IPHONEOS_DEPLOYMENT_TARGET = 8.0;
				LD_RUNPATH_SEARCH_PATHS = "$(inherited) @executable_path/Frameworks";
				PRODUCT_BUNDLE_IDENTIFIER = com.mamasay.DNTableViewComponent;
				PRODUCT_NAME = "$(TARGET_NAME)";
				TARGETED_DEVICE_FAMILY = 1;
			};
			name = Release;
		};
/* End XCBuildConfiguration section */

/* Begin XCConfigurationList section */
		BF96821420649E6F0047AEC1 /* Build configuration list for PBXProject "DNTableViewComponent" */ = {
			isa = XCConfigurationList;
			buildConfigurations = (
				BF96822D20649E6F0047AEC1 /* Debug */,
				BF96822E20649E6F0047AEC1 /* Release */,
			);
			defaultConfigurationIsVisible = 0;
			defaultConfigurationName = Release;
		};
		BF96822F20649E6F0047AEC1 /* Build configuration list for PBXNativeTarget "DNTableViewComponent" */ = {
			isa = XCConfigurationList;
			buildConfigurations = (
				BF96823020649E6F0047AEC1 /* Debug */,
				BF96823120649E6F0047AEC1 /* Release */,
			);
			defaultConfigurationIsVisible = 0;
			defaultConfigurationName = Release;
		};
/* End XCConfigurationList section */
	};
	rootObject = BF96821120649E6F0047AEC1 /* Project object */;
}
